
Microsoft Visual Studio Solution File, Format Version 12.00
# Visual Studio Version 17
VisualStudioVersion = 17.5.33502.453
MinimumVisualStudioVersion = 10.0.40219.1
Project("{FAE04EC0-301F-11D3-BF4B-00C04F79EFBC}") = "Task_1", "Task_1\Task_1.csproj", "{7ADF9650-B707-464D-AEA8-B7AD48EC7755}"
EndProject
Project("{FAE04EC0-301F-11D3-BF4B-00C04F79EFBC}") = "Task_2", "Task_2\Task_2.csproj", "{42AF1CE4-48D3-44FE-B9BB-9B6DA8A94356}"
EndProject
Global
	GlobalSection(SolutionConfigurationPlatforms) = preSolution
		Debug|Any CPU = Debug|Any CPU
		Release|Any CPU = Release|Any CPU
	EndGlobalSection
	GlobalSection(ProjectConfigurationPlatforms) = postSolution
		{7ADF9650-B707-464D-AEA8-B7AD48EC7755}.Debug|Any CPU.ActiveCfg = Debug|Any CPU
		{7ADF9650-B707-464D-AEA8-B7AD48EC7755}.Debug|Any CPU.Build.0 = Debug|Any CPU
		{7ADF9650-B707-464D-AEA8-B7AD48EC7755}.Release|Any CPU.ActiveCfg = Release|Any CPU
		{7ADF9650-B707-464D-AEA8-B7AD48EC7755}.Release|Any CPU.Build.0 = Release|Any CPU
		{42AF1CE4-48D3-44FE-B9BB-9B6DA8A94356}.Debug|Any CPU.ActiveCfg = Debug|Any CPU
		{42AF1CE4-48D3-44FE-B9BB-9B6DA8A94356}.Debug|Any CPU.Build.0 = Debug|Any CPU
		{42AF1CE4-48D3-44FE-B9BB-9B6DA8A94356}.Release|Any CPU.ActiveCfg = Release|Any CPU
		{42AF1CE4-48D3-44FE-B9BB-9B6DA8A94356}.Release|Any CPU.Build.0 = Release|Any CPU
	EndGlobalSection
	GlobalSection(SolutionProperties) = preSolution
		HideSolutionNode = FALSE
	EndGlobalSection
	GlobalSection(ExtensibilityGlobals) = postSolution
		SolutionGuid = {E9AFA6CE-50CD-4A82-AA4C-E104ABE683B9}
	EndGlobalSection
EndGlobal
