
Microsoft Visual Studio Solution File, Format Version 12.00
# Visual Studio Version 17
VisualStudioVersion = 17.5.33502.453
MinimumVisualStudioVersion = 10.0.40219.1
Project("{FAE04EC0-301F-11D3-BF4B-00C04F79EFBC}") = "Task_1", "Task_1\Task_1.csproj", "{B6049352-B014-4EE2-8466-01DF08666FFB}"
EndProject
Project("{FAE04EC0-301F-11D3-BF4B-00C04F79EFBC}") = "Task_2", "Task_2\Task_2.csproj", "{1C2058D7-5931-47BC-BFCA-F255B839F340}"
EndProject
Project("{FAE04EC0-301F-11D3-BF4B-00C04F79EFBC}") = "Task_3", "Task_3\Task_3.csproj", "{6E738501-A00B-404E-BD2F-BCB5EAE29BA4}"
EndProject
Global
	GlobalSection(SolutionConfigurationPlatforms) = preSolution
		Debug|Any CPU = Debug|Any CPU
		Release|Any CPU = Release|Any CPU
	EndGlobalSection
	GlobalSection(ProjectConfigurationPlatforms) = postSolution
		{B6049352-B014-4EE2-8466-01DF08666FFB}.Debug|Any CPU.ActiveCfg = Debug|Any CPU
		{B6049352-B014-4EE2-8466-01DF08666FFB}.Debug|Any CPU.Build.0 = Debug|Any CPU
		{B6049352-B014-4EE2-8466-01DF08666FFB}.Release|Any CPU.ActiveCfg = Release|Any CPU
		{B6049352-B014-4EE2-8466-01DF08666FFB}.Release|Any CPU.Build.0 = Release|Any CPU
		{1C2058D7-5931-47BC-BFCA-F255B839F340}.Debug|Any CPU.ActiveCfg = Debug|Any CPU
		{1C2058D7-5931-47BC-BFCA-F255B839F340}.Debug|Any CPU.Build.0 = Debug|Any CPU
		{1C2058D7-5931-47BC-BFCA-F255B839F340}.Release|Any CPU.ActiveCfg = Release|Any CPU
		{1C2058D7-5931-47BC-BFCA-F255B839F340}.Release|Any CPU.Build.0 = Release|Any CPU
		{6E738501-A00B-404E-BD2F-BCB5EAE29BA4}.Debug|Any CPU.ActiveCfg = Debug|Any CPU
		{6E738501-A00B-404E-BD2F-BCB5EAE29BA4}.Debug|Any CPU.Build.0 = Debug|Any CPU
		{6E738501-A00B-404E-BD2F-BCB5EAE29BA4}.Release|Any CPU.ActiveCfg = Release|Any CPU
		{6E738501-A00B-404E-BD2F-BCB5EAE29BA4}.Release|Any CPU.Build.0 = Release|Any CPU
	EndGlobalSection
	GlobalSection(SolutionProperties) = preSolution
		HideSolutionNode = FALSE
	EndGlobalSection
	GlobalSection(ExtensibilityGlobals) = postSolution
		SolutionGuid = {22BADD84-8245-4466-BC5E-934A016AD61B}
	EndGlobalSection
EndGlobal
