
Microsoft Visual Studio Solution File, Format Version 12.00
# Visual Studio Version 17
VisualStudioVersion = 17.5.33502.453
MinimumVisualStudioVersion = 10.0.40219.1
Project("{9A19103F-16F7-4668-BE54-9A1E7A4F7556}") = "Task_1", "..\Mikitchuk_Procedurs_Functions\Task_1\Task_1.csproj", "{07DD8F81-C3F0-4217-8694-D046B9DFC8E2}"
EndProject
Project("{2150E333-8FDC-42A3-9474-1A3956D46DE8}") = "Task_3", "Task_3", "{629E7DD9-5FCF-45D7-9B70-3DB38DE718B7}"
EndProject
Project("{2150E333-8FDC-42A3-9474-1A3956D46DE8}") = "Task_12", "Task_12", "{86E4F1CB-9331-464F-9A57-30C7671B0D13}"
EndProject
Project("{2150E333-8FDC-42A3-9474-1A3956D46DE8}") = "Task_16", "Task_16", "{4A9AC525-924E-4C51-B4DF-BBF43CC9F550}"
EndProject
Project("{9A19103F-16F7-4668-BE54-9A1E7A4F7556}") = "Task_2", "..\Mikitchuk_Procedurs_Functions\Task_2\Task_2.csproj", "{4931DD92-6AA8-4626-A7A1-839F8A5491C5}"
EndProject
Project("{9A19103F-16F7-4668-BE54-9A1E7A4F7556}") = "Task_3", "..\Mikitchuk_Procedurs_Functions\Task_3\Task_3.csproj", "{480424F2-3978-4EE9-B0A8-291A7056BA26}"
EndProject
Project("{9A19103F-16F7-4668-BE54-9A1E7A4F7556}") = "Task_4", "..\Mikitchuk_Procedurs_Functions\Task_4\Task_4.csproj", "{6920B682-1836-4272-983A-4FFF19B747E5}"
EndProject
Project("{9A19103F-16F7-4668-BE54-9A1E7A4F7556}") = "Task_5", "..\Mikitchuk_Procedurs_Functions\Task_5\Task_5.csproj", "{0AA030A3-9A6A-4513-8AF7-F754EC3A5E3E}"
EndProject
Project("{9A19103F-16F7-4668-BE54-9A1E7A4F7556}") = "Task_1", "..\Mikitchuk_Delegates\Task_1\Task_1.csproj", "{BB52CAE9-5CDF-4485-AB27-39B8C2190263}"
EndProject
Project("{9A19103F-16F7-4668-BE54-9A1E7A4F7556}") = "Task_2", "..\Mikitchuk_Delegates\Task_2\Task_2.csproj", "{9424879E-EC37-4EA3-9D47-9EA1DDC75E80}"
EndProject
Project("{9A19103F-16F7-4668-BE54-9A1E7A4F7556}") = "Task_3", "..\Mikitchuk_Delegates\Task_3\Task_3.csproj", "{A596FB31-87CD-4F79-8785-8181E7121370}"
EndProject
Project("{9A19103F-16F7-4668-BE54-9A1E7A4F7556}") = "Task_4", "..\Mikitchuk_Delegates\Task_4\Task_4.csproj", "{B36DBB20-B108-43F8-9AF8-E4B710749AE3}"
EndProject
Project("{9A19103F-16F7-4668-BE54-9A1E7A4F7556}") = "Task_1", "..\Mikitchuk_WorkingFiles\Task_1\Task_1.csproj", "{34D09F73-A630-48C8-834A-96C46B2F85D7}"
EndProject
Project("{9A19103F-16F7-4668-BE54-9A1E7A4F7556}") = "Task_2", "..\Mikitchuk_WorkingFiles\Task_2\Task_2.csproj", "{B54D3F42-E16E-4E00-896C-19CD0E8D0DEA}"
EndProject
Project("{9A19103F-16F7-4668-BE54-9A1E7A4F7556}") = "Task_3", "..\Mikitchuk_WorkingFiles\Task_3\Task_3.csproj", "{3F391FD7-B47B-4485-9C45-68029959BACC}"
EndProject
Project("{9A19103F-16F7-4668-BE54-9A1E7A4F7556}") = "Task_4", "..\Mikitchuk_WorkingFiles\Task_4\Task_4.csproj", "{14092F57-1BCE-49C7-9A20-5D125AE1FF04}"
EndProject
Project("{9A19103F-16F7-4668-BE54-9A1E7A4F7556}") = "Task_5", "..\Mikitchuk_WorkingFiles\Task_5\Task_5.csproj", "{64B9DCC5-23CC-42F4-BA05-6AC7C3AFCED0}"
EndProject
Project("{9A19103F-16F7-4668-BE54-9A1E7A4F7556}") = "Task_6", "..\Mikitchuk_WorkingFiles\Task_6\Task_6.csproj", "{20A2D861-4680-40F3-9012-7E7F4A755924}"
EndProject
Project("{9A19103F-16F7-4668-BE54-9A1E7A4F7556}") = "Task_7", "..\Mikitchuk_WorkingFiles\Task_7\Task_7.csproj", "{0FA9823D-EF91-498F-BED1-DEB870294AAC}"
EndProject
Global
	GlobalSection(SolutionConfigurationPlatforms) = preSolution
		Debug|Any CPU = Debug|Any CPU
		Release|Any CPU = Release|Any CPU
	EndGlobalSection
	GlobalSection(ProjectConfigurationPlatforms) = postSolution
		{07DD8F81-C3F0-4217-8694-D046B9DFC8E2}.Debug|Any CPU.ActiveCfg = Debug|Any CPU
		{07DD8F81-C3F0-4217-8694-D046B9DFC8E2}.Debug|Any CPU.Build.0 = Debug|Any CPU
		{07DD8F81-C3F0-4217-8694-D046B9DFC8E2}.Release|Any CPU.ActiveCfg = Release|Any CPU
		{07DD8F81-C3F0-4217-8694-D046B9DFC8E2}.Release|Any CPU.Build.0 = Release|Any CPU
		{4931DD92-6AA8-4626-A7A1-839F8A5491C5}.Debug|Any CPU.ActiveCfg = Debug|Any CPU
		{4931DD92-6AA8-4626-A7A1-839F8A5491C5}.Debug|Any CPU.Build.0 = Debug|Any CPU
		{4931DD92-6AA8-4626-A7A1-839F8A5491C5}.Release|Any CPU.ActiveCfg = Release|Any CPU
		{4931DD92-6AA8-4626-A7A1-839F8A5491C5}.Release|Any CPU.Build.0 = Release|Any CPU
		{480424F2-3978-4EE9-B0A8-291A7056BA26}.Debug|Any CPU.ActiveCfg = Debug|Any CPU
		{480424F2-3978-4EE9-B0A8-291A7056BA26}.Debug|Any CPU.Build.0 = Debug|Any CPU
		{480424F2-3978-4EE9-B0A8-291A7056BA26}.Release|Any CPU.ActiveCfg = Release|Any CPU
		{480424F2-3978-4EE9-B0A8-291A7056BA26}.Release|Any CPU.Build.0 = Release|Any CPU
		{6920B682-1836-4272-983A-4FFF19B747E5}.Debug|Any CPU.ActiveCfg = Debug|Any CPU
		{6920B682-1836-4272-983A-4FFF19B747E5}.Debug|Any CPU.Build.0 = Debug|Any CPU
		{6920B682-1836-4272-983A-4FFF19B747E5}.Release|Any CPU.ActiveCfg = Release|Any CPU
		{6920B682-1836-4272-983A-4FFF19B747E5}.Release|Any CPU.Build.0 = Release|Any CPU
		{0AA030A3-9A6A-4513-8AF7-F754EC3A5E3E}.Debug|Any CPU.ActiveCfg = Debug|Any CPU
		{0AA030A3-9A6A-4513-8AF7-F754EC3A5E3E}.Debug|Any CPU.Build.0 = Debug|Any CPU
		{0AA030A3-9A6A-4513-8AF7-F754EC3A5E3E}.Release|Any CPU.ActiveCfg = Release|Any CPU
		{0AA030A3-9A6A-4513-8AF7-F754EC3A5E3E}.Release|Any CPU.Build.0 = Release|Any CPU
		{BB52CAE9-5CDF-4485-AB27-39B8C2190263}.Debug|Any CPU.ActiveCfg = Debug|Any CPU
		{BB52CAE9-5CDF-4485-AB27-39B8C2190263}.Debug|Any CPU.Build.0 = Debug|Any CPU
		{BB52CAE9-5CDF-4485-AB27-39B8C2190263}.Release|Any CPU.ActiveCfg = Release|Any CPU
		{BB52CAE9-5CDF-4485-AB27-39B8C2190263}.Release|Any CPU.Build.0 = Release|Any CPU
		{9424879E-EC37-4EA3-9D47-9EA1DDC75E80}.Debug|Any CPU.ActiveCfg = Debug|Any CPU
		{9424879E-EC37-4EA3-9D47-9EA1DDC75E80}.Debug|Any CPU.Build.0 = Debug|Any CPU
		{9424879E-EC37-4EA3-9D47-9EA1DDC75E80}.Release|Any CPU.ActiveCfg = Release|Any CPU
		{9424879E-EC37-4EA3-9D47-9EA1DDC75E80}.Release|Any CPU.Build.0 = Release|Any CPU
		{A596FB31-87CD-4F79-8785-8181E7121370}.Debug|Any CPU.ActiveCfg = Debug|Any CPU
		{A596FB31-87CD-4F79-8785-8181E7121370}.Debug|Any CPU.Build.0 = Debug|Any CPU
		{A596FB31-87CD-4F79-8785-8181E7121370}.Release|Any CPU.ActiveCfg = Release|Any CPU
		{A596FB31-87CD-4F79-8785-8181E7121370}.Release|Any CPU.Build.0 = Release|Any CPU
		{B36DBB20-B108-43F8-9AF8-E4B710749AE3}.Debug|Any CPU.ActiveCfg = Debug|Any CPU
		{B36DBB20-B108-43F8-9AF8-E4B710749AE3}.Debug|Any CPU.Build.0 = Debug|Any CPU
		{B36DBB20-B108-43F8-9AF8-E4B710749AE3}.Release|Any CPU.ActiveCfg = Release|Any CPU
		{B36DBB20-B108-43F8-9AF8-E4B710749AE3}.Release|Any CPU.Build.0 = Release|Any CPU
		{34D09F73-A630-48C8-834A-96C46B2F85D7}.Debug|Any CPU.ActiveCfg = Debug|Any CPU
		{34D09F73-A630-48C8-834A-96C46B2F85D7}.Debug|Any CPU.Build.0 = Debug|Any CPU
		{34D09F73-A630-48C8-834A-96C46B2F85D7}.Release|Any CPU.ActiveCfg = Release|Any CPU
		{34D09F73-A630-48C8-834A-96C46B2F85D7}.Release|Any CPU.Build.0 = Release|Any CPU
		{B54D3F42-E16E-4E00-896C-19CD0E8D0DEA}.Debug|Any CPU.ActiveCfg = Debug|Any CPU
		{B54D3F42-E16E-4E00-896C-19CD0E8D0DEA}.Debug|Any CPU.Build.0 = Debug|Any CPU
		{B54D3F42-E16E-4E00-896C-19CD0E8D0DEA}.Release|Any CPU.ActiveCfg = Release|Any CPU
		{B54D3F42-E16E-4E00-896C-19CD0E8D0DEA}.Release|Any CPU.Build.0 = Release|Any CPU
		{3F391FD7-B47B-4485-9C45-68029959BACC}.Debug|Any CPU.ActiveCfg = Debug|Any CPU
		{3F391FD7-B47B-4485-9C45-68029959BACC}.Debug|Any CPU.Build.0 = Debug|Any CPU
		{3F391FD7-B47B-4485-9C45-68029959BACC}.Release|Any CPU.ActiveCfg = Release|Any CPU
		{3F391FD7-B47B-4485-9C45-68029959BACC}.Release|Any CPU.Build.0 = Release|Any CPU
		{14092F57-1BCE-49C7-9A20-5D125AE1FF04}.Debug|Any CPU.ActiveCfg = Debug|Any CPU
		{14092F57-1BCE-49C7-9A20-5D125AE1FF04}.Debug|Any CPU.Build.0 = Debug|Any CPU
		{14092F57-1BCE-49C7-9A20-5D125AE1FF04}.Release|Any CPU.ActiveCfg = Release|Any CPU
		{14092F57-1BCE-49C7-9A20-5D125AE1FF04}.Release|Any CPU.Build.0 = Release|Any CPU
		{64B9DCC5-23CC-42F4-BA05-6AC7C3AFCED0}.Debug|Any CPU.ActiveCfg = Debug|Any CPU
		{64B9DCC5-23CC-42F4-BA05-6AC7C3AFCED0}.Debug|Any CPU.Build.0 = Debug|Any CPU
		{64B9DCC5-23CC-42F4-BA05-6AC7C3AFCED0}.Release|Any CPU.ActiveCfg = Release|Any CPU
		{64B9DCC5-23CC-42F4-BA05-6AC7C3AFCED0}.Release|Any CPU.Build.0 = Release|Any CPU
		{20A2D861-4680-40F3-9012-7E7F4A755924}.Debug|Any CPU.ActiveCfg = Debug|Any CPU
		{20A2D861-4680-40F3-9012-7E7F4A755924}.Debug|Any CPU.Build.0 = Debug|Any CPU
		{20A2D861-4680-40F3-9012-7E7F4A755924}.Release|Any CPU.ActiveCfg = Release|Any CPU
		{20A2D861-4680-40F3-9012-7E7F4A755924}.Release|Any CPU.Build.0 = Release|Any CPU
		{0FA9823D-EF91-498F-BED1-DEB870294AAC}.Debug|Any CPU.ActiveCfg = Debug|Any CPU
		{0FA9823D-EF91-498F-BED1-DEB870294AAC}.Debug|Any CPU.Build.0 = Debug|Any CPU
		{0FA9823D-EF91-498F-BED1-DEB870294AAC}.Release|Any CPU.ActiveCfg = Release|Any CPU
		{0FA9823D-EF91-498F-BED1-DEB870294AAC}.Release|Any CPU.Build.0 = Release|Any CPU
	EndGlobalSection
	GlobalSection(SolutionProperties) = preSolution
		HideSolutionNode = FALSE
	EndGlobalSection
	GlobalSection(NestedProjects) = preSolution
		{07DD8F81-C3F0-4217-8694-D046B9DFC8E2} = {629E7DD9-5FCF-45D7-9B70-3DB38DE718B7}
		{4931DD92-6AA8-4626-A7A1-839F8A5491C5} = {629E7DD9-5FCF-45D7-9B70-3DB38DE718B7}
		{480424F2-3978-4EE9-B0A8-291A7056BA26} = {629E7DD9-5FCF-45D7-9B70-3DB38DE718B7}
		{6920B682-1836-4272-983A-4FFF19B747E5} = {629E7DD9-5FCF-45D7-9B70-3DB38DE718B7}
		{0AA030A3-9A6A-4513-8AF7-F754EC3A5E3E} = {629E7DD9-5FCF-45D7-9B70-3DB38DE718B7}
		{BB52CAE9-5CDF-4485-AB27-39B8C2190263} = {86E4F1CB-9331-464F-9A57-30C7671B0D13}
		{9424879E-EC37-4EA3-9D47-9EA1DDC75E80} = {86E4F1CB-9331-464F-9A57-30C7671B0D13}
		{A596FB31-87CD-4F79-8785-8181E7121370} = {86E4F1CB-9331-464F-9A57-30C7671B0D13}
		{B36DBB20-B108-43F8-9AF8-E4B710749AE3} = {86E4F1CB-9331-464F-9A57-30C7671B0D13}
		{34D09F73-A630-48C8-834A-96C46B2F85D7} = {4A9AC525-924E-4C51-B4DF-BBF43CC9F550}
		{B54D3F42-E16E-4E00-896C-19CD0E8D0DEA} = {4A9AC525-924E-4C51-B4DF-BBF43CC9F550}
		{3F391FD7-B47B-4485-9C45-68029959BACC} = {4A9AC525-924E-4C51-B4DF-BBF43CC9F550}
		{14092F57-1BCE-49C7-9A20-5D125AE1FF04} = {4A9AC525-924E-4C51-B4DF-BBF43CC9F550}
		{64B9DCC5-23CC-42F4-BA05-6AC7C3AFCED0} = {4A9AC525-924E-4C51-B4DF-BBF43CC9F550}
		{20A2D861-4680-40F3-9012-7E7F4A755924} = {4A9AC525-924E-4C51-B4DF-BBF43CC9F550}
		{0FA9823D-EF91-498F-BED1-DEB870294AAC} = {4A9AC525-924E-4C51-B4DF-BBF43CC9F550}
	EndGlobalSection
	GlobalSection(ExtensibilityGlobals) = postSolution
		SolutionGuid = {6B6D8561-6FD7-4745-A906-260D82B5228B}
	EndGlobalSection
EndGlobal
