
Microsoft Visual Studio Solution File, Format Version 12.00
# Visual Studio Version 17
VisualStudioVersion = 17.5.33502.453
MinimumVisualStudioVersion = 10.0.40219.1
Project("{FAE04EC0-301F-11D3-BF4B-00C04F79EFBC}") = "Task_1", "Task_1\Task_1.csproj", "{E7B300D9-2B9B-4336-95A7-7D0ACDDD935F}"
EndProject
Project("{FAE04EC0-301F-11D3-BF4B-00C04F79EFBC}") = "Task_2", "Task_2\Task_2.csproj", "{A8A98CF2-67D8-41DA-BECA-596BE9DB03CE}"
EndProject
Project("{FAE04EC0-301F-11D3-BF4B-00C04F79EFBC}") = "Task_3", "Task_3\Task_3.csproj", "{7A1D1B42-A97C-4CD4-9DFA-9D8ED011D77D}"
EndProject
Project("{FAE04EC0-301F-11D3-BF4B-00C04F79EFBC}") = "Task_4", "Task_4\Task_4.csproj", "{B75F77FB-C632-4E04-9842-C1C10249ADDD}"
EndProject
Global
	GlobalSection(SolutionConfigurationPlatforms) = preSolution
		Debug|Any CPU = Debug|Any CPU
		Release|Any CPU = Release|Any CPU
	EndGlobalSection
	GlobalSection(ProjectConfigurationPlatforms) = postSolution
		{E7B300D9-2B9B-4336-95A7-7D0ACDDD935F}.Debug|Any CPU.ActiveCfg = Debug|Any CPU
		{E7B300D9-2B9B-4336-95A7-7D0ACDDD935F}.Debug|Any CPU.Build.0 = Debug|Any CPU
		{E7B300D9-2B9B-4336-95A7-7D0ACDDD935F}.Release|Any CPU.ActiveCfg = Release|Any CPU
		{E7B300D9-2B9B-4336-95A7-7D0ACDDD935F}.Release|Any CPU.Build.0 = Release|Any CPU
		{A8A98CF2-67D8-41DA-BECA-596BE9DB03CE}.Debug|Any CPU.ActiveCfg = Debug|Any CPU
		{A8A98CF2-67D8-41DA-BECA-596BE9DB03CE}.Debug|Any CPU.Build.0 = Debug|Any CPU
		{A8A98CF2-67D8-41DA-BECA-596BE9DB03CE}.Release|Any CPU.ActiveCfg = Release|Any CPU
		{A8A98CF2-67D8-41DA-BECA-596BE9DB03CE}.Release|Any CPU.Build.0 = Release|Any CPU
		{7A1D1B42-A97C-4CD4-9DFA-9D8ED011D77D}.Debug|Any CPU.ActiveCfg = Debug|Any CPU
		{7A1D1B42-A97C-4CD4-9DFA-9D8ED011D77D}.Debug|Any CPU.Build.0 = Debug|Any CPU
		{7A1D1B42-A97C-4CD4-9DFA-9D8ED011D77D}.Release|Any CPU.ActiveCfg = Release|Any CPU
		{7A1D1B42-A97C-4CD4-9DFA-9D8ED011D77D}.Release|Any CPU.Build.0 = Release|Any CPU
		{B75F77FB-C632-4E04-9842-C1C10249ADDD}.Debug|Any CPU.ActiveCfg = Debug|Any CPU
		{B75F77FB-C632-4E04-9842-C1C10249ADDD}.Debug|Any CPU.Build.0 = Debug|Any CPU
		{B75F77FB-C632-4E04-9842-C1C10249ADDD}.Release|Any CPU.ActiveCfg = Release|Any CPU
		{B75F77FB-C632-4E04-9842-C1C10249ADDD}.Release|Any CPU.Build.0 = Release|Any CPU
	EndGlobalSection
	GlobalSection(SolutionProperties) = preSolution
		HideSolutionNode = FALSE
	EndGlobalSection
	GlobalSection(ExtensibilityGlobals) = postSolution
		SolutionGuid = {6AA4B6D9-44C2-486B-ADEE-E6756DB93E56}
	EndGlobalSection
EndGlobal
