
Microsoft Visual Studio Solution File, Format Version 12.00
# Visual Studio Version 17
VisualStudioVersion = 17.5.33502.453
MinimumVisualStudioVersion = 10.0.40219.1
Project("{FAE04EC0-301F-11D3-BF4B-00C04F79EFBC}") = "Task_1", "Task_1\Task_1.csproj", "{37813D57-97E9-44B3-849E-38CA3E4E0366}"
EndProject
Project("{FAE04EC0-301F-11D3-BF4B-00C04F79EFBC}") = "Task_2", "Task_2\Task_2.csproj", "{3E4512B2-43D7-473D-B02C-482B5058790A}"
EndProject
Project("{FAE04EC0-301F-11D3-BF4B-00C04F79EFBC}") = "Task_3", "Task_3\Task_3.csproj", "{FBBE4FFA-4860-4EAE-9512-7A2DD39A2566}"
EndProject
Global
	GlobalSection(SolutionConfigurationPlatforms) = preSolution
		Debug|Any CPU = Debug|Any CPU
		Release|Any CPU = Release|Any CPU
	EndGlobalSection
	GlobalSection(ProjectConfigurationPlatforms) = postSolution
		{37813D57-97E9-44B3-849E-38CA3E4E0366}.Debug|Any CPU.ActiveCfg = Debug|Any CPU
		{37813D57-97E9-44B3-849E-38CA3E4E0366}.Debug|Any CPU.Build.0 = Debug|Any CPU
		{37813D57-97E9-44B3-849E-38CA3E4E0366}.Release|Any CPU.ActiveCfg = Release|Any CPU
		{37813D57-97E9-44B3-849E-38CA3E4E0366}.Release|Any CPU.Build.0 = Release|Any CPU
		{3E4512B2-43D7-473D-B02C-482B5058790A}.Debug|Any CPU.ActiveCfg = Debug|Any CPU
		{3E4512B2-43D7-473D-B02C-482B5058790A}.Debug|Any CPU.Build.0 = Debug|Any CPU
		{3E4512B2-43D7-473D-B02C-482B5058790A}.Release|Any CPU.ActiveCfg = Release|Any CPU
		{3E4512B2-43D7-473D-B02C-482B5058790A}.Release|Any CPU.Build.0 = Release|Any CPU
		{FBBE4FFA-4860-4EAE-9512-7A2DD39A2566}.Debug|Any CPU.ActiveCfg = Debug|Any CPU
		{FBBE4FFA-4860-4EAE-9512-7A2DD39A2566}.Debug|Any CPU.Build.0 = Debug|Any CPU
		{FBBE4FFA-4860-4EAE-9512-7A2DD39A2566}.Release|Any CPU.ActiveCfg = Release|Any CPU
		{FBBE4FFA-4860-4EAE-9512-7A2DD39A2566}.Release|Any CPU.Build.0 = Release|Any CPU
	EndGlobalSection
	GlobalSection(SolutionProperties) = preSolution
		HideSolutionNode = FALSE
	EndGlobalSection
	GlobalSection(ExtensibilityGlobals) = postSolution
		SolutionGuid = {0D36EF2D-9C66-4CF2-A6A9-E1E81F18F92F}
	EndGlobalSection
EndGlobal
