
Microsoft Visual Studio Solution File, Format Version 12.00
# Visual Studio Version 17
VisualStudioVersion = 17.5.33502.453
MinimumVisualStudioVersion = 10.0.40219.1
Project("{FAE04EC0-301F-11D3-BF4B-00C04F79EFBC}") = "Task_1", "Task_1\Task_1.csproj", "{472F543A-FC6E-4E06-B17C-FEF11F4474FC}"
EndProject
Project("{FAE04EC0-301F-11D3-BF4B-00C04F79EFBC}") = "Task_2", "Task_2\Task_2.csproj", "{7FC06B33-5256-4BCB-940A-826C2C005963}"
EndProject
Project("{FAE04EC0-301F-11D3-BF4B-00C04F79EFBC}") = "Task_3", "Task_3\Task_3.csproj", "{C05E7F2A-E98D-45EE-93B2-AE6F864904A1}"
EndProject
Global
	GlobalSection(SolutionConfigurationPlatforms) = preSolution
		Debug|Any CPU = Debug|Any CPU
		Release|Any CPU = Release|Any CPU
	EndGlobalSection
	GlobalSection(ProjectConfigurationPlatforms) = postSolution
		{472F543A-FC6E-4E06-B17C-FEF11F4474FC}.Debug|Any CPU.ActiveCfg = Debug|Any CPU
		{472F543A-FC6E-4E06-B17C-FEF11F4474FC}.Debug|Any CPU.Build.0 = Debug|Any CPU
		{472F543A-FC6E-4E06-B17C-FEF11F4474FC}.Release|Any CPU.ActiveCfg = Release|Any CPU
		{472F543A-FC6E-4E06-B17C-FEF11F4474FC}.Release|Any CPU.Build.0 = Release|Any CPU
		{7FC06B33-5256-4BCB-940A-826C2C005963}.Debug|Any CPU.ActiveCfg = Debug|Any CPU
		{7FC06B33-5256-4BCB-940A-826C2C005963}.Debug|Any CPU.Build.0 = Debug|Any CPU
		{7FC06B33-5256-4BCB-940A-826C2C005963}.Release|Any CPU.ActiveCfg = Release|Any CPU
		{7FC06B33-5256-4BCB-940A-826C2C005963}.Release|Any CPU.Build.0 = Release|Any CPU
		{C05E7F2A-E98D-45EE-93B2-AE6F864904A1}.Debug|Any CPU.ActiveCfg = Debug|Any CPU
		{C05E7F2A-E98D-45EE-93B2-AE6F864904A1}.Debug|Any CPU.Build.0 = Debug|Any CPU
		{C05E7F2A-E98D-45EE-93B2-AE6F864904A1}.Release|Any CPU.ActiveCfg = Release|Any CPU
		{C05E7F2A-E98D-45EE-93B2-AE6F864904A1}.Release|Any CPU.Build.0 = Release|Any CPU
	EndGlobalSection
	GlobalSection(SolutionProperties) = preSolution
		HideSolutionNode = FALSE
	EndGlobalSection
	GlobalSection(ExtensibilityGlobals) = postSolution
		SolutionGuid = {4631AF6E-C5D7-42DC-8B36-80C34FE38A93}
	EndGlobalSection
EndGlobal
