
Microsoft Visual Studio Solution File, Format Version 12.00
# Visual Studio Version 17
VisualStudioVersion = 17.5.33502.453
MinimumVisualStudioVersion = 10.0.40219.1
Project("{FAE04EC0-301F-11D3-BF4B-00C04F79EFBC}") = "Task_1", "Task_1\Task_1.csproj", "{602CB3A6-13CB-4E7A-861E-7F1758451900}"
EndProject
Project("{FAE04EC0-301F-11D3-BF4B-00C04F79EFBC}") = "Task_2", "Task_2\Task_2.csproj", "{2E1C7D91-7543-4420-8781-A09F399684B3}"
EndProject
Project("{FAE04EC0-301F-11D3-BF4B-00C04F79EFBC}") = "Task_3", "Task_3\Task_3.csproj", "{835D2944-1603-486C-B6A5-84B3997B0DB1}"
EndProject
Project("{FAE04EC0-301F-11D3-BF4B-00C04F79EFBC}") = "Task_4", "Task_4\Task_4.csproj", "{F3FAB334-05A3-4200-AF28-ABE78D3B5ED3}"
EndProject
Project("{FAE04EC0-301F-11D3-BF4B-00C04F79EFBC}") = "Task_5", "Task_5\Task_5.csproj", "{48E30FEA-2EBB-4725-BB8F-990FCA5D6EF2}"
EndProject
Global
	GlobalSection(SolutionConfigurationPlatforms) = preSolution
		Debug|Any CPU = Debug|Any CPU
		Release|Any CPU = Release|Any CPU
	EndGlobalSection
	GlobalSection(ProjectConfigurationPlatforms) = postSolution
		{602CB3A6-13CB-4E7A-861E-7F1758451900}.Debug|Any CPU.ActiveCfg = Debug|Any CPU
		{602CB3A6-13CB-4E7A-861E-7F1758451900}.Debug|Any CPU.Build.0 = Debug|Any CPU
		{602CB3A6-13CB-4E7A-861E-7F1758451900}.Release|Any CPU.ActiveCfg = Release|Any CPU
		{602CB3A6-13CB-4E7A-861E-7F1758451900}.Release|Any CPU.Build.0 = Release|Any CPU
		{2E1C7D91-7543-4420-8781-A09F399684B3}.Debug|Any CPU.ActiveCfg = Debug|Any CPU
		{2E1C7D91-7543-4420-8781-A09F399684B3}.Debug|Any CPU.Build.0 = Debug|Any CPU
		{2E1C7D91-7543-4420-8781-A09F399684B3}.Release|Any CPU.ActiveCfg = Release|Any CPU
		{2E1C7D91-7543-4420-8781-A09F399684B3}.Release|Any CPU.Build.0 = Release|Any CPU
		{835D2944-1603-486C-B6A5-84B3997B0DB1}.Debug|Any CPU.ActiveCfg = Debug|Any CPU
		{835D2944-1603-486C-B6A5-84B3997B0DB1}.Debug|Any CPU.Build.0 = Debug|Any CPU
		{835D2944-1603-486C-B6A5-84B3997B0DB1}.Release|Any CPU.ActiveCfg = Release|Any CPU
		{835D2944-1603-486C-B6A5-84B3997B0DB1}.Release|Any CPU.Build.0 = Release|Any CPU
		{F3FAB334-05A3-4200-AF28-ABE78D3B5ED3}.Debug|Any CPU.ActiveCfg = Debug|Any CPU
		{F3FAB334-05A3-4200-AF28-ABE78D3B5ED3}.Debug|Any CPU.Build.0 = Debug|Any CPU
		{F3FAB334-05A3-4200-AF28-ABE78D3B5ED3}.Release|Any CPU.ActiveCfg = Release|Any CPU
		{F3FAB334-05A3-4200-AF28-ABE78D3B5ED3}.Release|Any CPU.Build.0 = Release|Any CPU
		{48E30FEA-2EBB-4725-BB8F-990FCA5D6EF2}.Debug|Any CPU.ActiveCfg = Debug|Any CPU
		{48E30FEA-2EBB-4725-BB8F-990FCA5D6EF2}.Debug|Any CPU.Build.0 = Debug|Any CPU
		{48E30FEA-2EBB-4725-BB8F-990FCA5D6EF2}.Release|Any CPU.ActiveCfg = Release|Any CPU
		{48E30FEA-2EBB-4725-BB8F-990FCA5D6EF2}.Release|Any CPU.Build.0 = Release|Any CPU
	EndGlobalSection
	GlobalSection(SolutionProperties) = preSolution
		HideSolutionNode = FALSE
	EndGlobalSection
	GlobalSection(ExtensibilityGlobals) = postSolution
		SolutionGuid = {DE44BF83-66AB-4018-A0A4-CBBC42A11C68}
	EndGlobalSection
EndGlobal
