
Microsoft Visual Studio Solution File, Format Version 12.00
# Visual Studio Version 17
VisualStudioVersion = 17.5.33502.453
MinimumVisualStudioVersion = 10.0.40219.1
Project("{FAE04EC0-301F-11D3-BF4B-00C04F79EFBC}") = "Task_1", "Task_1\Task_1.csproj", "{68079D48-74F9-480B-9C22-AE5404F610A3}"
EndProject
Project("{FAE04EC0-301F-11D3-BF4B-00C04F79EFBC}") = "Task_2", "Task_2\Task_2.csproj", "{2644D0E8-2C5E-4412-ADAC-02472AF0C7AA}"
EndProject
Project("{FAE04EC0-301F-11D3-BF4B-00C04F79EFBC}") = "Task_3", "Task_3\Task_3.csproj", "{2A233EFF-51D5-45C7-8E5C-BB489849F1B1}"
EndProject
Global
	GlobalSection(SolutionConfigurationPlatforms) = preSolution
		Debug|Any CPU = Debug|Any CPU
		Release|Any CPU = Release|Any CPU
	EndGlobalSection
	GlobalSection(ProjectConfigurationPlatforms) = postSolution
		{68079D48-74F9-480B-9C22-AE5404F610A3}.Debug|Any CPU.ActiveCfg = Debug|Any CPU
		{68079D48-74F9-480B-9C22-AE5404F610A3}.Debug|Any CPU.Build.0 = Debug|Any CPU
		{68079D48-74F9-480B-9C22-AE5404F610A3}.Release|Any CPU.ActiveCfg = Release|Any CPU
		{68079D48-74F9-480B-9C22-AE5404F610A3}.Release|Any CPU.Build.0 = Release|Any CPU
		{2644D0E8-2C5E-4412-ADAC-02472AF0C7AA}.Debug|Any CPU.ActiveCfg = Debug|Any CPU
		{2644D0E8-2C5E-4412-ADAC-02472AF0C7AA}.Debug|Any CPU.Build.0 = Debug|Any CPU
		{2644D0E8-2C5E-4412-ADAC-02472AF0C7AA}.Release|Any CPU.ActiveCfg = Release|Any CPU
		{2644D0E8-2C5E-4412-ADAC-02472AF0C7AA}.Release|Any CPU.Build.0 = Release|Any CPU
		{2A233EFF-51D5-45C7-8E5C-BB489849F1B1}.Debug|Any CPU.ActiveCfg = Debug|Any CPU
		{2A233EFF-51D5-45C7-8E5C-BB489849F1B1}.Debug|Any CPU.Build.0 = Debug|Any CPU
		{2A233EFF-51D5-45C7-8E5C-BB489849F1B1}.Release|Any CPU.ActiveCfg = Release|Any CPU
		{2A233EFF-51D5-45C7-8E5C-BB489849F1B1}.Release|Any CPU.Build.0 = Release|Any CPU
	EndGlobalSection
	GlobalSection(SolutionProperties) = preSolution
		HideSolutionNode = FALSE
	EndGlobalSection
	GlobalSection(ExtensibilityGlobals) = postSolution
		SolutionGuid = {DDA21960-B1B9-494E-A086-5D467C14AFE1}
	EndGlobalSection
EndGlobal
