
Microsoft Visual Studio Solution File, Format Version 12.00
# Visual Studio Version 17
VisualStudioVersion = 17.5.33502.453
MinimumVisualStudioVersion = 10.0.40219.1
Project("{FAE04EC0-301F-11D3-BF4B-00C04F79EFBC}") = "Task_1", "Task_1\Task_1.csproj", "{D415F813-F39B-4A66-9035-CF90B8AB4190}"
EndProject
Project("{FAE04EC0-301F-11D3-BF4B-00C04F79EFBC}") = "Task_2", "Task_2\Task_2.csproj", "{CDF7CD1E-DAFD-46CF-8BDE-3F0EC2FBB0C8}"
EndProject
Global
	GlobalSection(SolutionConfigurationPlatforms) = preSolution
		Debug|Any CPU = Debug|Any CPU
		Release|Any CPU = Release|Any CPU
	EndGlobalSection
	GlobalSection(ProjectConfigurationPlatforms) = postSolution
		{D415F813-F39B-4A66-9035-CF90B8AB4190}.Debug|Any CPU.ActiveCfg = Debug|Any CPU
		{D415F813-F39B-4A66-9035-CF90B8AB4190}.Debug|Any CPU.Build.0 = Debug|Any CPU
		{D415F813-F39B-4A66-9035-CF90B8AB4190}.Release|Any CPU.ActiveCfg = Release|Any CPU
		{D415F813-F39B-4A66-9035-CF90B8AB4190}.Release|Any CPU.Build.0 = Release|Any CPU
		{CDF7CD1E-DAFD-46CF-8BDE-3F0EC2FBB0C8}.Debug|Any CPU.ActiveCfg = Debug|Any CPU
		{CDF7CD1E-DAFD-46CF-8BDE-3F0EC2FBB0C8}.Debug|Any CPU.Build.0 = Debug|Any CPU
		{CDF7CD1E-DAFD-46CF-8BDE-3F0EC2FBB0C8}.Release|Any CPU.ActiveCfg = Release|Any CPU
		{CDF7CD1E-DAFD-46CF-8BDE-3F0EC2FBB0C8}.Release|Any CPU.Build.0 = Release|Any CPU
	EndGlobalSection
	GlobalSection(SolutionProperties) = preSolution
		HideSolutionNode = FALSE
	EndGlobalSection
	GlobalSection(ExtensibilityGlobals) = postSolution
		SolutionGuid = {22969257-543A-402D-BC10-C83FC0DD82D2}
	EndGlobalSection
EndGlobal
